<?xml version="1.0" encoding="utf-8"?>
<Project ToolsVersion="4.0" xmlns="http://schemas.microsoft.com/developer/msbuild/2003">
  <ItemGroup>
    <ClCompile Include="..\Classes\AppDelegate.cpp" />
    <ClCompile Include="main.cpp" />
    <ClCompile Include="..\Classes\M_Powerup.cpp">
      <Filter>model</Filter>
    </ClCompile>
    <ClCompile Include="..\Classes\M_Shadow.cpp">
      <Filter>model</Filter>
    </ClCompile>
    <ClCompile Include="..\Classes\C_Gameplay.cpp">
      <Filter>controller</Filter>
    </ClCompile>
    <ClCompile Include="..\Classes\C_Input.cpp">
      <Filter>controller</Filter>
    </ClCompile>
    <ClCompile Include="..\Classes\PFGameRoot.cpp">
      <Filter>view</Filter>
    </ClCompile>
    <ClCompile Include="..\Classes\M_Car.cpp">
      <Filter>model</Filter>
    </ClCompile>
    <ClCompile Include="..\Classes\M_Pedestrian.cpp">
      <Filter>model</Filter>
    </ClCompile>
    <ClCompile Include="..\Classes\C_Physics.cpp">
      <Filter>controller</Filter>
    </ClCompile>
    <ClCompile Include="..\Classes\C_AI.cpp">
      <Filter>controller</Filter>
    </ClCompile>
  </ItemGroup>
  <ItemGroup>
    <ClInclude Include="..\Classes\AppDelegate.h" />
    <ClInclude Include="main.h" />
    <ClInclude Include="..\Classes\M_Caster.h">
      <Filter>model</Filter>
    </ClInclude>
    <ClInclude Include="..\Classes\M_Level.h">
      <Filter>model</Filter>
    </ClInclude>
    <ClInclude Include="..\Classes\M_Powerup.h">
      <Filter>model</Filter>
    </ClInclude>
    <ClInclude Include="..\Classes\M_Shadow.h">
      <Filter>model</Filter>
    </ClInclude>
    <ClInclude Include="..\Classes\C_Input.h">
      <Filter>controller</Filter>
    </ClInclude>
    <ClInclude Include="..\Classes\C_Gameplay.h">
      <Filter>controller</Filter>
    </ClInclude>
    <ClInclude Include="..\Classes\PFGameRoot.h">
      <Filter>view</Filter>
    </ClInclude>
    <ClInclude Include="..\Classes\C_AI.h">
      <Filter>controller</Filter>
    </ClInclude>
    <ClInclude Include="..\Classes\M_MovingObject.h">
      <Filter>model</Filter>
    </ClInclude>
    <ClInclude Include="..\Classes\MovingObjectMetadata.h">
      <Filter>abstractions</Filter>
    </ClInclude>
    <ClInclude Include="..\Classes\ActionQueue.h">
      <Filter>abstractions</Filter>
    </ClInclude>
    <ClInclude Include="..\Classes\M_Car.h">
      <Filter>model</Filter>
    </ClInclude>
    <ClInclude Include="..\Classes\M_Pedestrian.h">
      <Filter>model</Filter>
    </ClInclude>
    <ClInclude Include="..\Classes\C_Physics.h">
      <Filter>controller</Filter>
    </ClInclude>
  </ItemGroup>
  <ItemGroup>
    <ResourceCompile Include="game.rc" />
  </ItemGroup>
  <ItemGroup>
    <Filter Include="model">
      <UniqueIdentifier>{fb8df223-0bc8-4d95-84b0-3650417664ee}</UniqueIdentifier>
    </Filter>
    <Filter Include="controller">
      <UniqueIdentifier>{17032a28-fd9d-4daf-b8f1-27917abe39c6}</UniqueIdentifier>
    </Filter>
    <Filter Include="view">
      <UniqueIdentifier>{1ff38849-e4ac-4111-be1e-d3ea60365942}</UniqueIdentifier>
    </Filter>
    <Filter Include="abstractions">
      <UniqueIdentifier>{9398fa0d-e788-44bf-9caf-ca17d0c1cb95}</UniqueIdentifier>
    </Filter>
  </ItemGroup>
</Project>