<?xml version="1.0" encoding="utf-8"?>
<Project ToolsVersion="4.0" xmlns="http://schemas.microsoft.com/developer/msbuild/2003">
  <ItemGroup>
    <Filter Include="win32">
      <UniqueIdentifier>{84a8ebd7-7cf0-47f6-b75e-d441df67da40}</UniqueIdentifier>
    </Filter>
    <Filter Include="resource">
      <UniqueIdentifier>{715254bc-d70b-4ec5-bf29-467dd3ace079}</UniqueIdentifier>
    </Filter>
    <Filter Include="src">
      <UniqueIdentifier>{bb6c862e-70e9-49d9-81b7-3829a6f50471}</UniqueIdentifier>
    </Filter>
    <Filter Include="src\model">
      <UniqueIdentifier>{46082be9-277d-44fc-83bb-07c5899f0d26}</UniqueIdentifier>
    </Filter>
    <Filter Include="src\controller">
      <UniqueIdentifier>{a875b6ea-c89b-49fd-8868-155dbb63b858}</UniqueIdentifier>
    </Filter>
    <Filter Include="src\view">
      <UniqueIdentifier>{625895c5-47ab-4d60-b9d7-ff3c0dda0779}</UniqueIdentifier>
    </Filter>
  </ItemGroup>
  <ItemGroup>
    <ClCompile Include="main.cpp">
      <Filter>win32</Filter>
    </ClCompile>
    <ClCompile Include="..\Classes\AppDelegate.cpp">
      <Filter>src</Filter>
    </ClCompile>
    <ClCompile Include="..\Classes\C_Gameplay.cpp">
      <Filter>src\controller</Filter>
    </ClCompile>
    <ClCompile Include="..\Classes\C_Input.cpp">
      <Filter>src\controller</Filter>
    </ClCompile>
    <ClCompile Include="..\Classes\M_Shadow.cpp">
      <Filter>src\model</Filter>
    </ClCompile>
    <ClCompile Include="..\Classes\PFGameRoot.cpp">
      <Filter>src\view</Filter>
    </ClCompile>
    <ClCompile Include="..\Classes\ShadeRoot.cpp">
      <Filter>src\view</Filter>
    </ClCompile>
  </ItemGroup>
  <ItemGroup>
    <ClInclude Include="main.h">
      <Filter>win32</Filter>
    </ClInclude>
    <ClInclude Include="..\Classes\AppDelegate.h">
      <Filter>src</Filter>
    </ClInclude>
    <ClInclude Include="..\Classes\C_Gameplay.h">
      <Filter>src\controller</Filter>
    </ClInclude>
    <ClInclude Include="..\Classes\C_Input.h">
      <Filter>src\controller</Filter>
    </ClInclude>
    <ClInclude Include="..\Classes\M_Shadow.h">
      <Filter>src\model</Filter>
    </ClInclude>
    <ClInclude Include="..\Classes\PFGameRoot.h">
      <Filter>src\view</Filter>
    </ClInclude>
    <ClInclude Include="..\Classes\ShadeRoot.h">
      <Filter>src\view</Filter>
    </ClInclude>
    <ClInclude Include="M_Level.h">
      <Filter>src\model</Filter>
    </ClInclude>
    <ClInclude Include="M_Powerup.h">
      <Filter>src\model</Filter>
    </ClInclude>
    <ClInclude Include="MovingObject.h">
      <Filter>src\model</Filter>
    </ClInclude>
    <ClInclude Include="..\Classes\M_Caster.h">
      <Filter>src\model</Filter>
    </ClInclude>
  </ItemGroup>
  <ItemGroup>
    <ResourceCompile Include="game.rc">
      <Filter>resource</Filter>
    </ResourceCompile>
  </ItemGroup>
</Project>