
Microsoft Visual Studio Solution File, Format Version 12.00
# Visual Studio 14
VisualStudioVersion = 14.0.24720.0
MinimumVisualStudioVersion = 10.0.40219.1
Project("{8BC9CEB8-8B4A-11D0-8D11-00A0C91BC942}") = "SceneDemo.AndroidNative", "SceneDemo.AndroidNative.vcxproj", "{C688846C-0A32-41C2-93F2-50A9FE000E67}"
EndProject
Project("{39E2626F-3545-4960-A6E8-258AD8476CE5}") = "SceneDemo.AndroidPackaging", "SceneDemo.AndroidPackaging.androidproj", "{D570FB3E-C9FC-48F4-98D1-0A3DC2C875F0}"
	ProjectSection(ProjectDependencies) = postProject
		{C688846C-0A32-41C2-93F2-50A9FE000E67} = {C688846C-0A32-41C2-93F2-50A9FE000E67}
	EndProjectSection
EndProject
Global
	GlobalSection(SolutionConfigurationPlatforms) = preSolution
		Debug|ARM = Debug|ARM
		Debug|x86 = Debug|x86
		Release|ARM = Release|ARM
		Release|x86 = Release|x86
	EndGlobalSection
	GlobalSection(ProjectConfigurationPlatforms) = postSolution
		{C688846C-0A32-41C2-93F2-50A9FE000E67}.Debug|ARM.ActiveCfg = Debug|ARM
		{C688846C-0A32-41C2-93F2-50A9FE000E67}.Debug|ARM.Build.0 = Debug|ARM
		{C688846C-0A32-41C2-93F2-50A9FE000E67}.Debug|x86.ActiveCfg = Debug|x86
		{C688846C-0A32-41C2-93F2-50A9FE000E67}.Debug|x86.Build.0 = Debug|x86
		{C688846C-0A32-41C2-93F2-50A9FE000E67}.Release|ARM.ActiveCfg = Release|ARM
		{C688846C-0A32-41C2-93F2-50A9FE000E67}.Release|ARM.Build.0 = Release|ARM
		{C688846C-0A32-41C2-93F2-50A9FE000E67}.Release|x86.ActiveCfg = Release|x86
		{C688846C-0A32-41C2-93F2-50A9FE000E67}.Release|x86.Build.0 = Release|x86
		{D570FB3E-C9FC-48F4-98D1-0A3DC2C875F0}.Debug|ARM.ActiveCfg = Debug|ARM
		{D570FB3E-C9FC-48F4-98D1-0A3DC2C875F0}.Debug|ARM.Build.0 = Debug|ARM
		{D570FB3E-C9FC-48F4-98D1-0A3DC2C875F0}.Debug|ARM.Deploy.0 = Debug|ARM
		{D570FB3E-C9FC-48F4-98D1-0A3DC2C875F0}.Debug|x86.ActiveCfg = Debug|x86
		{D570FB3E-C9FC-48F4-98D1-0A3DC2C875F0}.Debug|x86.Build.0 = Debug|x86
		{D570FB3E-C9FC-48F4-98D1-0A3DC2C875F0}.Debug|x86.Deploy.0 = Debug|x86
		{D570FB3E-C9FC-48F4-98D1-0A3DC2C875F0}.Release|ARM.ActiveCfg = Release|ARM
		{D570FB3E-C9FC-48F4-98D1-0A3DC2C875F0}.Release|ARM.Build.0 = Release|ARM
		{D570FB3E-C9FC-48F4-98D1-0A3DC2C875F0}.Release|ARM.Deploy.0 = Release|ARM
		{D570FB3E-C9FC-48F4-98D1-0A3DC2C875F0}.Release|x86.ActiveCfg = Release|x86
		{D570FB3E-C9FC-48F4-98D1-0A3DC2C875F0}.Release|x86.Build.0 = Release|x86
		{D570FB3E-C9FC-48F4-98D1-0A3DC2C875F0}.Release|x86.Deploy.0 = Release|x86
	EndGlobalSection
	GlobalSection(SolutionProperties) = preSolution
		HideSolutionNode = FALSE
	EndGlobalSection
EndGlobal
